PODS:
  - agora_rtc_engine (0.0.1):
    - AgoraIrisRTC_macOS (= 4.2.2-build.1)
    - AgoraRtcEngine_macOS (= 4.2.2)
    - FlutterMacOS
  - AgoraIrisRTC_macOS (4.2.2-build.1)
  - AgoraRtcEngine_macOS (4.2.2):
    - AgoraRtcEngine_macOS/AIAEC (= 4.2.2)
    - AgoraRtcEngine_macOS/AINS (= 4.2.2)
    - AgoraRtcEngine_macOS/AudioBeauty (= 4.2.2)
    - AgoraRtcEngine_macOS/ClearVision (= 4.2.2)
    - AgoraRtcEngine_macOS/ContentInspect (= 4.2.2)
    - AgoraRtcEngine_macOS/DRM (= 4.2.2)
    - AgoraRtcEngine_macOS/FaceDetection (= 4.2.2)
    - AgoraRtcEngine_macOS/RtcBasic (= 4.2.2)
    - AgoraRtcEngine_macOS/ScreenCapture (= 4.2.2)
    - AgoraRtcEngine_macOS/SpatialAudio (= 4.2.2)
    - AgoraRtcEngine_macOS/VideoCodecDec (= 4.2.2)
    - AgoraRtcEngine_macOS/VideoCodecEnc (= 4.2.2)
    - AgoraRtcEngine_macOS/VirtualBackground (= 4.2.2)
    - AgoraRtcEngine_macOS/VQA (= 4.2.2)
  - AgoraRtcEngine_macOS/AIAEC (4.2.2)
  - AgoraRtcEngine_macOS/AINS (4.2.2)
  - AgoraRtcEngine_macOS/AudioBeauty (4.2.2)
  - AgoraRtcEngine_macOS/ClearVision (4.2.2)
  - AgoraRtcEngine_macOS/ContentInspect (4.2.2)
  - AgoraRtcEngine_macOS/DRM (4.2.2)
  - AgoraRtcEngine_macOS/FaceDetection (4.2.2)
  - AgoraRtcEngine_macOS/RtcBasic (4.2.2)
  - AgoraRtcEngine_macOS/ScreenCapture (4.2.2)
  - AgoraRtcEngine_macOS/SpatialAudio (4.2.2)
  - AgoraRtcEngine_macOS/VideoCodecDec (4.2.2)
  - AgoraRtcEngine_macOS/VideoCodecEnc (4.2.2)
  - AgoraRtcEngine_macOS/VirtualBackground (4.2.2)
  - AgoraRtcEngine_macOS/VQA (4.2.2)
  - FlutterMacOS (1.0.0)
  - iris_method_channel (0.0.1):
    - FlutterMacOS

DEPENDENCIES:
  - agora_rtc_engine (from `Flutter/ephemeral/.symlinks/plugins/agora_rtc_engine/macos`)
  - FlutterMacOS (from `Flutter/ephemeral`)
  - iris_method_channel (from `Flutter/ephemeral/.symlinks/plugins/iris_method_channel/macos`)

SPEC REPOS:
  trunk:
    - AgoraIrisRTC_macOS
    - AgoraRtcEngine_macOS

EXTERNAL SOURCES:
  agora_rtc_engine:
    :path: Flutter/ephemeral/.symlinks/plugins/agora_rtc_engine/macos
  FlutterMacOS:
    :path: Flutter/ephemeral
  iris_method_channel:
    :path: Flutter/ephemeral/.symlinks/plugins/iris_method_channel/macos

SPEC CHECKSUMS:
  agora_rtc_engine: 66c57685283ebadc4b70d49b234fd0443f837589
  AgoraIrisRTC_macOS: c4cb1fea791a76ce172801c8b006aa69eb036b07
  AgoraRtcEngine_macOS: 5e4d1430490bf36597e47cdbe6e5284b24e66504
  FlutterMacOS: 8f6f14fa908a6fb3fba0cd85dbd81ec4b251fb24
  iris_method_channel: fba932d668df5b2a085f19bcd0b1f23d667a83cd

PODFILE CHECKSUM: 236401fc2c932af29a9fcf0e97baeeb2d750d367

COCOAPODS: 1.12.1
