PODS:
  - agora_rtc_engine (6.2.1):
    - AgoraIrisRTC_iOS (= 4.2.1-build.1)
    - AgoraRtcEngine_iOS (= 4.2.1)
    - Flutter
  - AgoraIrisRTC_iOS (4.2.1-build.1)
  - AgoraRtcEngine_iOS (4.2.1):
    - AgoraRtcEngine_iOS/AIAEC (= 4.2.1)
    - AgoraRtcEngine_iOS/AINS (= 4.2.1)
    - AgoraRtcEngine_iOS/AudioBeauty (= 4.2.1)
    - AgoraRtcEngine_iOS/ClearVision (= 4.2.1)
    - AgoraRtcEngine_iOS/ContentInspect (= 4.2.1)
    - AgoraRtcEngine_iOS/DRM (= 4.2.1)
    - AgoraRtcEngine_iOS/FaceDetection (= 4.2.1)
    - AgoraRtcEngine_iOS/ReplayKit (= 4.2.1)
    - AgoraRtcEngine_iOS/RtcBasic (= 4.2.1)
    - AgoraRtcEngine_iOS/SpatialAudio (= 4.2.1)
    - AgoraRtcEngine_iOS/VideoCodecDec (= 4.2.1)
    - AgoraRtcEngine_iOS/VideoCodecEnc (= 4.2.1)
    - AgoraRtcEngine_iOS/VirtualBackground (= 4.2.1)
    - AgoraRtcEngine_iOS/VQA (= 4.2.1)
  - AgoraRtcEngine_iOS/AIAEC (4.2.1)
  - AgoraRtcEngine_iOS/AINS (4.2.1)
  - AgoraRtcEngine_iOS/AudioBeauty (4.2.1)
  - AgoraRtcEngine_iOS/ClearVision (4.2.1)
  - AgoraRtcEngine_iOS/ContentInspect (4.2.1)
  - AgoraRtcEngine_iOS/DRM (4.2.1)
  - AgoraRtcEngine_iOS/FaceDetection (4.2.1)
  - AgoraRtcEngine_iOS/ReplayKit (4.2.1)
  - AgoraRtcEngine_iOS/RtcBasic (4.2.1)
  - AgoraRtcEngine_iOS/SpatialAudio (4.2.1)
  - AgoraRtcEngine_iOS/VideoCodecDec (4.2.1)
  - AgoraRtcEngine_iOS/VideoCodecEnc (4.2.1)
  - AgoraRtcEngine_iOS/VirtualBackground (4.2.1)
  - AgoraRtcEngine_iOS/VQA (4.2.1)
  - Flutter (1.0.0)
  - geolocator_apple (1.2.0):
    - Flutter
  - iris_method_channel (0.0.1):
    - Flutter

DEPENDENCIES:
  - agora_rtc_engine (from `.symlinks/plugins/agora_rtc_engine/ios`)
  - Flutter (from `Flutter`)
  - geolocator_apple (from `.symlinks/plugins/geolocator_apple/ios`)
  - iris_method_channel (from `.symlinks/plugins/iris_method_channel/ios`)

SPEC REPOS:
  trunk:
    - AgoraIrisRTC_iOS
    - AgoraRtcEngine_iOS

EXTERNAL SOURCES:
  agora_rtc_engine:
    :path: ".symlinks/plugins/agora_rtc_engine/ios"
  Flutter:
    :path: Flutter
  geolocator_apple:
    :path: ".symlinks/plugins/geolocator_apple/ios"
  iris_method_channel:
    :path: ".symlinks/plugins/iris_method_channel/ios"

SPEC CHECKSUMS:
  agora_rtc_engine: ee927652b7d3c80661fc1a053e1ac86ef78856fa
  AgoraIrisRTC_iOS: 4c6cb9df772dacba4e0dccb00178378454d03fde
  AgoraRtcEngine_iOS: bbbacbf4797a6f85532c6023b72c4d66f2b49227
  Flutter: f04841e97a9d0b0a8025694d0796dd46242b2854
  geolocator_apple: cc556e6844d508c95df1e87e3ea6fa4e58c50401
  iris_method_channel: 0617c689164d8154c020c50f63ca79f92b8a7b9d

PODFILE CHECKSUM: 70d9d25280d0dd177a5f637cdb0f0b0b12c6a189

COCOAPODS: 1.12.1
